
Microsoft Visual Studio Solution File, Format Version 12.00
# Visual Studio Version 17
VisualStudioVersion = 17.14.36414.22 d17.14
MinimumVisualStudioVersion = 10.0.40219.1
Project("{FAE04EC0-301F-11D3-BF4B-00C04F79EFBC}") = "Space Defenders FINAL", "Space Defenders FINAL\Space Defenders FINAL.csproj", "{DB403E69-44AA-4638-AD5F-316D6EF138E9}"
EndProject
Global
	GlobalSection(SolutionConfigurationPlatforms) = preSolution
		Debug|Any CPU = Debug|Any CPU
		Release|Any CPU = Release|Any CPU
	EndGlobalSection
	GlobalSection(ProjectConfigurationPlatforms) = postSolution
		{DB403E69-44AA-4638-AD5F-316D6EF138E9}.Debug|Any CPU.ActiveCfg = Debug|Any CPU
		{DB403E69-44AA-4638-AD5F-316D6EF138E9}.Debug|Any CPU.Build.0 = Debug|Any CPU
		{DB403E69-44AA-4638-AD5F-316D6EF138E9}.Release|Any CPU.ActiveCfg = Release|Any CPU
		{DB403E69-44AA-4638-AD5F-316D6EF138E9}.Release|Any CPU.Build.0 = Release|Any CPU
	EndGlobalSection
	GlobalSection(SolutionProperties) = preSolution
		HideSolutionNode = FALSE
	EndGlobalSection
	GlobalSection(ExtensibilityGlobals) = postSolution
		SolutionGuid = {2407CBB2-0EFF-428B-BD43-A75C6BB8E676}
	EndGlobalSection
EndGlobal
